
Microsoft Visual Studio Solution File, Format Version 12.00
# Visual Studio Express 2012 for Windows Desktop
Project("{F184B08F-C81C-45F6-A57F-5ABD9991F28F}") = "ConsoleApplication3", "ConsoleApplication3\ConsoleApplication3.vbproj", "{71AB2454-4E76-4D4C-AB70-16C629EA3A05}"
EndProject
Global
	GlobalSection(SolutionConfigurationPlatforms) = preSolution
		Debug|Any CPU = Debug|Any CPU
		Release|Any CPU = Release|Any CPU
	EndGlobalSection
	GlobalSection(ProjectConfigurationPlatforms) = postSolution
		{71AB2454-4E76-4D4C-AB70-16C629EA3A05}.Debug|Any CPU.ActiveCfg = Debug|Any CPU
		{71AB2454-4E76-4D4C-AB70-16C629EA3A05}.Debug|Any CPU.Build.0 = Debug|Any CPU
		{71AB2454-4E76-4D4C-AB70-16C629EA3A05}.Release|Any CPU.ActiveCfg = Release|Any CPU
		{71AB2454-4E76-4D4C-AB70-16C629EA3A05}.Release|Any CPU.Build.0 = Release|Any CPU
	EndGlobalSection
	GlobalSection(SolutionProperties) = preSolution
		HideSolutionNode = FALSE
	EndGlobalSection
EndGlobal
