
Microsoft Visual Studio Solution File, Format Version 12.00
# Visual Studio Express 2012 for Windows Desktop
Project("{F184B08F-C81C-45F6-A57F-5ABD9991F28F}") = "Q21", "Q21\Q21.vbproj", "{0A78718C-06B7-44A1-87C6-4F7A233E3725}"
EndProject
Global
	GlobalSection(SolutionConfigurationPlatforms) = preSolution
		Debug|Any CPU = Debug|Any CPU
		Release|Any CPU = Release|Any CPU
	EndGlobalSection
	GlobalSection(ProjectConfigurationPlatforms) = postSolution
		{0A78718C-06B7-44A1-87C6-4F7A233E3725}.Debug|Any CPU.ActiveCfg = Debug|Any CPU
		{0A78718C-06B7-44A1-87C6-4F7A233E3725}.Debug|Any CPU.Build.0 = Debug|Any CPU
		{0A78718C-06B7-44A1-87C6-4F7A233E3725}.Release|Any CPU.ActiveCfg = Release|Any CPU
		{0A78718C-06B7-44A1-87C6-4F7A233E3725}.Release|Any CPU.Build.0 = Release|Any CPU
	EndGlobalSection
	GlobalSection(SolutionProperties) = preSolution
		HideSolutionNode = FALSE
	EndGlobalSection
EndGlobal
