
Microsoft Visual Studio Solution File, Format Version 12.00
# Visual Studio Express 2012 for Windows Desktop
Project("{F184B08F-C81C-45F6-A57F-5ABD9991F28F}") = "WindowsApplication11", "WindowsApplication11\WindowsApplication11.vbproj", "{B7300C05-6123-4844-B4B0-D0567A42C09D}"
EndProject
Global
	GlobalSection(SolutionConfigurationPlatforms) = preSolution
		Debug|Any CPU = Debug|Any CPU
		Release|Any CPU = Release|Any CPU
	EndGlobalSection
	GlobalSection(ProjectConfigurationPlatforms) = postSolution
		{B7300C05-6123-4844-B4B0-D0567A42C09D}.Debug|Any CPU.ActiveCfg = Debug|Any CPU
		{B7300C05-6123-4844-B4B0-D0567A42C09D}.Debug|Any CPU.Build.0 = Debug|Any CPU
		{B7300C05-6123-4844-B4B0-D0567A42C09D}.Release|Any CPU.ActiveCfg = Release|Any CPU
		{B7300C05-6123-4844-B4B0-D0567A42C09D}.Release|Any CPU.Build.0 = Release|Any CPU
	EndGlobalSection
	GlobalSection(SolutionProperties) = preSolution
		HideSolutionNode = FALSE
	EndGlobalSection
EndGlobal
